
Microsoft Visual Studio Solution File, Format Version 12.00
# Visual Studio Version 17
VisualStudioVersion = 17.14.36518.9 d17.14
MinimumVisualStudioVersion = 10.0.40219.1
Project("{FAE04EC0-301F-11D3-BF4B-00C04F79EFBC}") = "Q1WebAPI", "Q1WebAPI.csproj", "{4E6FD651-079F-4199-89DD-84B0AB25202E}"
EndProject
Global
	GlobalSection(SolutionConfigurationPlatforms) = preSolution
		Debug|Any CPU = Debug|Any CPU
		Release|Any CPU = Release|Any CPU
	EndGlobalSection
	GlobalSection(ProjectConfigurationPlatforms) = postSolution
		{4E6FD651-079F-4199-89DD-84B0AB25202E}.Debug|Any CPU.ActiveCfg = Debug|Any CPU
		{4E6FD651-079F-4199-89DD-84B0AB25202E}.Debug|Any CPU.Build.0 = Debug|Any CPU
		{4E6FD651-079F-4199-89DD-84B0AB25202E}.Release|Any CPU.ActiveCfg = Release|Any CPU
		{4E6FD651-079F-4199-89DD-84B0AB25202E}.Release|Any CPU.Build.0 = Release|Any CPU
	EndGlobalSection
	GlobalSection(SolutionProperties) = preSolution
		HideSolutionNode = FALSE
	EndGlobalSection
	GlobalSection(ExtensibilityGlobals) = postSolution
		SolutionGuid = {87419A2B-6E7C-4372-B24F-34B2388CDD96}
	EndGlobalSection
EndGlobal
